# THIS IS AN AUTOGENERATED FILE. DO NOT EDIT THIS FILE DIRECTLY.
# yarn lockfile v1


axios@0.21.0:
  version "0.21.0"
  resolved "https://registry.yarnpkg.com/axios/-/axios-0.21.0.tgz#26df088803a2350dff2c27f96fef99fe49442aca"
  integrity sha512-fmkJBknJKoZwem3/IKSSLpkdNXZeBu5Q7GA/aRsr2btgrptmSCxi2oFjZHqGdK9DoTil9PIHlPIZw2EcRJXRvw==
  dependencies:
    follow-redirects "^1.10.0"

fast-xml-builder@^1.1.3:
  version "1.1.3"
  resolved "https://registry.yarnpkg.com/fast-xml-builder/-/fast-xml-builder-1.1.3.tgz#283579acba94aecf998a7e1339bc7e037195abc1"
  integrity sha512-1o60KoFw2+LWKQu3IdcfcFlGTW4dpqEWmjhYec6H82AYZU2TVBXep6tMl8Z1Y+wM+ZrzCwe3BZ9Vyd9N2rIvmg==
  dependencies:
    path-expression-matcher "^1.1.3"

fast-xml-parser@5.5.5:
  version "5.5.5"
  resolved "https://registry.yarnpkg.com/fast-xml-parser/-/fast-xml-parser-5.5.5.tgz#cadbcb992d6ac3f7e643d459506a8e1dd8adf5f2"
  integrity sha512-NLY+V5NNbdmiEszx9n14mZBseJTC50bRq1VHsaxOmR72JDuZt+5J1Co+dC/4JPnyq+WrIHNM69r0sqf7BMb3Mg==
  dependencies:
    fast-xml-builder "^1.1.3"
    path-expression-matcher "^1.1.3"
    strnum "^2.1.2"

follow-redirects@^1.10.0:
  version "1.15.11"
  resolved "https://registry.yarnpkg.com/follow-redirects/-/follow-redirects-1.15.11.tgz#777d73d72a92f8ec4d2e410eb47352a56b8e8340"
  integrity sha512-deG2P0JfjrTxl50XGCDyfI97ZGVCxIpfKYmfyrQ54n5FO/0gfIES8C/Psl6kWVDolizcaaxZJnTS0QSMxvnsBQ==

lodash@4.17.15:
  version "4.17.15"
  resolved "https://registry.yarnpkg.com/lodash/-/lodash-4.17.15.tgz#b447f6670a0455bbfeedd11392eff330ea097548"
  integrity sha512-8xOcRHvCjnocdS5cpwXQXVzmmh5e5+saE2QGoeQmbKmRS6J3VQppPOIt0MnmE+4xlZoumy0GPG0D0MVIQbNA1A==

path-expression-matcher@^1.1.3:
  version "1.1.3"
  resolved "https://registry.yarnpkg.com/path-expression-matcher/-/path-expression-matcher-1.1.3.tgz#8bf7c629dc1b114e42b633c071f06d14625b4e0d"
  integrity sha512-qdVgY8KXmVdJZRSS1JdEPOKPdTiEK/pi0RkcT2sw1RhXxohdujUlJFPuS1TSkevZ9vzd3ZlL7ULl1MHGTApKzQ==

serialize-javascript@2.1.1:
  version "2.1.1"
  resolved "https://registry.yarnpkg.com/serialize-javascript/-/serialize-javascript-2.1.1.tgz#952907a04a3e3a75af7f73d92d15e233862048b2"
  integrity sha512-MPLPRpD4FNqWq9tTIjYG5LesFouDhdyH0EPY3gVK4DRD5+g4aDqdNSzLIwceulo3Yj+PL1bPh6laE5+H6LTcrQ==

strnum@^2.1.2:
  version "2.2.0"
  resolved "https://registry.yarnpkg.com/strnum/-/strnum-2.2.0.tgz#8b582b637e4621f62ff714493e0ce30846f903a6"
  integrity sha512-Y7Bj8XyJxnPAORMZj/xltsfo55uOiyHcU2tnAVzHUnSJR/KsEX+9RoDeXEnsXtl/CX4fAcrt64gZ13aGaWPeBg==
