# THIS IS AN AUTOGENERATED FILE. DO NOT EDIT THIS FILE DIRECTLY.
# yarn lockfile v1


axios@0.21.0:
  version "0.21.0"
  resolved "https://registry.yarnpkg.com/axios/-/axios-0.21.0.tgz#26df088803a2350dff2c27f96fef99fe49442aca"
  integrity sha512-fmkJBknJKoZwem3/IKSSLpkdNXZeBu5Q7GA/aRsr2btgrptmSCxi2oFjZHqGdK9DoTil9PIHlPIZw2EcRJXRvw==
  dependencies:
    follow-redirects "^1.10.0"

fast-xml-builder@^1.1.4:
  version "1.1.4"
  resolved "https://registry.yarnpkg.com/fast-xml-builder/-/fast-xml-builder-1.1.4.tgz#0c407a1d9d5996336c0cd76f7ff785cac6413017"
  integrity sha512-f2jhpN4Eccy0/Uz9csxh3Nu6q4ErKxf0XIsasomfOihuSUa3/xw6w8dnOtCDgEItQFJG8KyXPzQXzcODDrrbOg==
  dependencies:
    path-expression-matcher "^1.1.3"

fast-xml-parser@5.5.10:
  version "5.5.10"
  resolved "https://registry.yarnpkg.com/fast-xml-parser/-/fast-xml-parser-5.5.10.tgz#5da142d2d568f33cc93c63596bd821bb7cb8f87c"
  integrity sha512-go2J2xODMc32hT+4Xr/bBGXMaIoiCwrwp2mMtAvKyvEFW6S/v5Gn2pBmE4nvbwNjGhpcAiOwEv7R6/GZ6XRa9w==
  dependencies:
    fast-xml-builder "^1.1.4"
    path-expression-matcher "^1.2.1"
    strnum "^2.2.2"

follow-redirects@^1.10.0:
  version "1.15.11"
  resolved "https://registry.yarnpkg.com/follow-redirects/-/follow-redirects-1.15.11.tgz#777d73d72a92f8ec4d2e410eb47352a56b8e8340"
  integrity sha512-deG2P0JfjrTxl50XGCDyfI97ZGVCxIpfKYmfyrQ54n5FO/0gfIES8C/Psl6kWVDolizcaaxZJnTS0QSMxvnsBQ==

lodash@4.17.15:
  version "4.17.15"
  resolved "https://registry.yarnpkg.com/lodash/-/lodash-4.17.15.tgz#b447f6670a0455bbfeedd11392eff330ea097548"
  integrity sha512-8xOcRHvCjnocdS5cpwXQXVzmmh5e5+saE2QGoeQmbKmRS6J3VQppPOIt0MnmE+4xlZoumy0GPG0D0MVIQbNA1A==

path-expression-matcher@^1.1.3, path-expression-matcher@^1.2.1:
  version "1.2.1"
  resolved "https://registry.yarnpkg.com/path-expression-matcher/-/path-expression-matcher-1.2.1.tgz#04de63e98dcef3e07af8b12a41055466f200e291"
  integrity sha512-d7gQQmLvAKXKXE2GeP9apIGbMYKz88zWdsn/BN2HRWVQsDFdUY36WSLTY0Jvd4HWi7Fb30gQ62oAOzdgJA6fZw==

serialize-javascript@2.1.1:
  version "2.1.1"
  resolved "https://registry.yarnpkg.com/serialize-javascript/-/serialize-javascript-2.1.1.tgz#952907a04a3e3a75af7f73d92d15e233862048b2"
  integrity sha512-MPLPRpD4FNqWq9tTIjYG5LesFouDhdyH0EPY3gVK4DRD5+g4aDqdNSzLIwceulo3Yj+PL1bPh6laE5+H6LTcrQ==

strnum@^2.2.2:
  version "2.2.2"
  resolved "https://registry.yarnpkg.com/strnum/-/strnum-2.2.2.tgz#f11fd94ab62b536ba2ecc615858f3747c2881b3f"
  integrity sha512-DnR90I+jtXNSTXWdwrEy9FakW7UX+qUZg28gj5fk2vxxl7uS/3bpI4fjFYVmdK9etptYBPNkpahuQnEwhwECqA==
