# THIS IS AN AUTOGENERATED FILE. DO NOT EDIT THIS FILE DIRECTLY.
# yarn lockfile v1


"@nodable/entities@^2.1.0":
  version "2.1.0"
  resolved "https://registry.yarnpkg.com/@nodable/entities/-/entities-2.1.0.tgz#f543e5c6446720d4cf9e498a83019dd159973bc2"
  integrity sha512-nyT7T3nbMyBI/lvr6L5TyWbFJAI9FTgVRakNoBqCD+PmID8DzFrrNdLLtHMwMszOtqZa8PAOV24ZqDnQrhQINA==

axios@0.21.0:
  version "0.21.0"
  resolved "https://registry.yarnpkg.com/axios/-/axios-0.21.0.tgz#26df088803a2350dff2c27f96fef99fe49442aca"
  integrity sha512-fmkJBknJKoZwem3/IKSSLpkdNXZeBu5Q7GA/aRsr2btgrptmSCxi2oFjZHqGdK9DoTil9PIHlPIZw2EcRJXRvw==
  dependencies:
    follow-redirects "^1.10.0"

fast-xml-builder@^1.1.5:
  version "1.1.5"
  resolved "https://registry.yarnpkg.com/fast-xml-builder/-/fast-xml-builder-1.1.5.tgz#50188e1452a5fa095f415d3e63dcac0a1dbcbf11"
  integrity sha512-4TJn/8FKLeslLAH3dnohXqE3QSoxkhvaMzepOIZytwJXZO69Bfz0HBdDHzOTOon6G59Zrk6VQ2bEiv1t61rfkA==
  dependencies:
    path-expression-matcher "^1.1.3"

fast-xml-parser@5.7.0:
  version "5.7.0"
  resolved "https://registry.yarnpkg.com/fast-xml-parser/-/fast-xml-parser-5.7.0.tgz#b93e49a3d62a8824c5212d8fa099ac2e548d548a"
  integrity sha512-MTcrUoRQ1GSQ9iG3QJzBGquYYYeA7piZaJoIWbPFGbRn6Jj6z7xgoAyi4DrZX4y2ZIQQBF59gc/zmvvejjgoFQ==
  dependencies:
    "@nodable/entities" "^2.1.0"
    fast-xml-builder "^1.1.5"
    path-expression-matcher "^1.5.0"
    strnum "^2.2.3"

follow-redirects@^1.10.0:
  version "1.16.0"
  resolved "https://registry.yarnpkg.com/follow-redirects/-/follow-redirects-1.16.0.tgz#28474a159d3b9d11ef62050a14ed60e4df6d61bc"
  integrity sha512-y5rN/uOsadFT/JfYwhxRS5R7Qce+g3zG97+JrtFZlC9klX/W5hD7iiLzScI4nZqUS7DNUdhPgw4xI8W2LuXlUw==

lodash@4.17.15:
  version "4.17.15"
  resolved "https://registry.yarnpkg.com/lodash/-/lodash-4.17.15.tgz#b447f6670a0455bbfeedd11392eff330ea097548"
  integrity sha512-8xOcRHvCjnocdS5cpwXQXVzmmh5e5+saE2QGoeQmbKmRS6J3VQppPOIt0MnmE+4xlZoumy0GPG0D0MVIQbNA1A==

path-expression-matcher@^1.1.3, path-expression-matcher@^1.5.0:
  version "1.5.0"
  resolved "https://registry.yarnpkg.com/path-expression-matcher/-/path-expression-matcher-1.5.0.tgz#3b98545dc88ffebb593e2d8458d0929da9275f4a"
  integrity sha512-cbrerZV+6rvdQrrD+iGMcZFEiiSrbv9Tfdkvnusy6y0x0GKBXREFg/Y65GhIfm0tnLntThhzCnfKwp1WRjeCyQ==

serialize-javascript@2.1.1:
  version "2.1.1"
  resolved "https://registry.yarnpkg.com/serialize-javascript/-/serialize-javascript-2.1.1.tgz#952907a04a3e3a75af7f73d92d15e233862048b2"
  integrity sha512-MPLPRpD4FNqWq9tTIjYG5LesFouDhdyH0EPY3gVK4DRD5+g4aDqdNSzLIwceulo3Yj+PL1bPh6laE5+H6LTcrQ==

strnum@^2.2.3:
  version "2.2.3"
  resolved "https://registry.yarnpkg.com/strnum/-/strnum-2.2.3.tgz#0119fce02749a11bb126a4d686ac5dbdf6e57586"
  integrity sha512-oKx6RUCuHfT3oyVjtnrmn19H1SiCqgJSg+54XqURKp5aCMbrXrhLjRN9TjuwMjiYstZ0MzDrHqkGZ5dFTKd+zg==
